
Microsoft Visual Studio Solution File, Format Version 12.00
# Visual Studio Version 17
VisualStudioVersion = 17.3.32922.545
MinimumVisualStudioVersion = 10.0.40219.1
Project("{FAE04EC0-301F-11D3-BF4B-00C04F79EFBC}") = "TestWork", "TestWork\TestWork.csproj", "{35BD5E73-A4E9-44DF-B566-A4F96B06F136}"
EndProject
Global
	GlobalSection(SolutionConfigurationPlatforms) = preSolution
		Debug|Any CPU = Debug|Any CPU
		Release|Any CPU = Release|Any CPU
	EndGlobalSection
	GlobalSection(ProjectConfigurationPlatforms) = postSolution
		{35BD5E73-A4E9-44DF-B566-A4F96B06F136}.Debug|Any CPU.ActiveCfg = Debug|Any CPU
		{35BD5E73-A4E9-44DF-B566-A4F96B06F136}.Debug|Any CPU.Build.0 = Debug|Any CPU
		{35BD5E73-A4E9-44DF-B566-A4F96B06F136}.Release|Any CPU.ActiveCfg = Release|Any CPU
		{35BD5E73-A4E9-44DF-B566-A4F96B06F136}.Release|Any CPU.Build.0 = Release|Any CPU
	EndGlobalSection
	GlobalSection(SolutionProperties) = preSolution
		HideSolutionNode = FALSE
	EndGlobalSection
	GlobalSection(ExtensibilityGlobals) = postSolution
		SolutionGuid = {A095F913-B3FB-4F12-9592-15CF380B671B}
	EndGlobalSection
EndGlobal
